
Microsoft Visual Studio Solution File, Format Version 12.00
# Visual Studio Version 17
VisualStudioVersion = 17.4.33403.182
MinimumVisualStudioVersion = 10.0.40219.1
Project("{9A19103F-16F7-4668-BE54-9A1E7A4F7556}") = "Task1", "Task1\Task1.csproj", "{FF2D5646-A774-4BB0-B022-B6F91048BC2B}"
EndProject
Project("{9A19103F-16F7-4668-BE54-9A1E7A4F7556}") = "Task2", "Task2\Task2.csproj", "{9D78E8EE-019C-413E-8C14-92DB2562E422}"
EndProject
Project("{9A19103F-16F7-4668-BE54-9A1E7A4F7556}") = "Task3", "Task3\Task3.csproj", "{C3C8266E-4EC9-4D51-81CB-5667A3A0FD1A}"
	ProjectSection(ProjectDependencies) = postProject
		{9D78E8EE-019C-413E-8C14-92DB2562E422} = {9D78E8EE-019C-413E-8C14-92DB2562E422}
	EndProjectSection
EndProject
Project("{9A19103F-16F7-4668-BE54-9A1E7A4F7556}") = "FinalTask", "FinalTask\FinalTask.csproj", "{26B8A2DF-FD98-4091-8292-482EDE0C2C0A}"
EndProject
Global
	GlobalSection(SolutionConfigurationPlatforms) = preSolution
		Debug|Any CPU = Debug|Any CPU
		Release|Any CPU = Release|Any CPU
	EndGlobalSection
	GlobalSection(ProjectConfigurationPlatforms) = postSolution
		{FF2D5646-A774-4BB0-B022-B6F91048BC2B}.Debug|Any CPU.ActiveCfg = Debug|Any CPU
		{FF2D5646-A774-4BB0-B022-B6F91048BC2B}.Debug|Any CPU.Build.0 = Debug|Any CPU
		{FF2D5646-A774-4BB0-B022-B6F91048BC2B}.Release|Any CPU.ActiveCfg = Release|Any CPU
		{FF2D5646-A774-4BB0-B022-B6F91048BC2B}.Release|Any CPU.Build.0 = Release|Any CPU
		{9D78E8EE-019C-413E-8C14-92DB2562E422}.Debug|Any CPU.ActiveCfg = Debug|Any CPU
		{9D78E8EE-019C-413E-8C14-92DB2562E422}.Debug|Any CPU.Build.0 = Debug|Any CPU
		{9D78E8EE-019C-413E-8C14-92DB2562E422}.Release|Any CPU.ActiveCfg = Release|Any CPU
		{9D78E8EE-019C-413E-8C14-92DB2562E422}.Release|Any CPU.Build.0 = Release|Any CPU
		{C3C8266E-4EC9-4D51-81CB-5667A3A0FD1A}.Debug|Any CPU.ActiveCfg = Debug|Any CPU
		{C3C8266E-4EC9-4D51-81CB-5667A3A0FD1A}.Debug|Any CPU.Build.0 = Debug|Any CPU
		{C3C8266E-4EC9-4D51-81CB-5667A3A0FD1A}.Release|Any CPU.ActiveCfg = Release|Any CPU
		{C3C8266E-4EC9-4D51-81CB-5667A3A0FD1A}.Release|Any CPU.Build.0 = Release|Any CPU
		{26B8A2DF-FD98-4091-8292-482EDE0C2C0A}.Debug|Any CPU.ActiveCfg = Debug|Any CPU
		{26B8A2DF-FD98-4091-8292-482EDE0C2C0A}.Debug|Any CPU.Build.0 = Debug|Any CPU
		{26B8A2DF-FD98-4091-8292-482EDE0C2C0A}.Release|Any CPU.ActiveCfg = Release|Any CPU
		{26B8A2DF-FD98-4091-8292-482EDE0C2C0A}.Release|Any CPU.Build.0 = Release|Any CPU
	EndGlobalSection
	GlobalSection(SolutionProperties) = preSolution
		HideSolutionNode = FALSE
	EndGlobalSection
	GlobalSection(ExtensibilityGlobals) = postSolution
		SolutionGuid = {38A5D54A-F370-42D0-B48C-75153F5EF3A4}
	EndGlobalSection
EndGlobal
